
Microsoft Visual Studio Solution File, Format Version 12.00
# Visual Studio Version 16
VisualStudioVersion = 16.0.30804.86
MinimumVisualStudioVersion = 10.0.40219.1
Project("{9A19103F-16F7-4668-BE54-9A1E7A4F7556}") = "Book-Lib-Service-v8", "Book-Lib-Service-v8\Book-Lib-Service-v8.csproj", "{FF7D7B83-2CEA-422C-AFE1-CFC95F378E41}"
EndProject
Global
	GlobalSection(SolutionConfigurationPlatforms) = preSolution
		Debug|Any CPU = Debug|Any CPU
		Release|Any CPU = Release|Any CPU
	EndGlobalSection
	GlobalSection(ProjectConfigurationPlatforms) = postSolution
		{FF7D7B83-2CEA-422C-AFE1-CFC95F378E41}.Debug|Any CPU.ActiveCfg = Debug|Any CPU
		{FF7D7B83-2CEA-422C-AFE1-CFC95F378E41}.Debug|Any CPU.Build.0 = Debug|Any CPU
		{FF7D7B83-2CEA-422C-AFE1-CFC95F378E41}.Release|Any CPU.ActiveCfg = Release|Any CPU
		{FF7D7B83-2CEA-422C-AFE1-CFC95F378E41}.Release|Any CPU.Build.0 = Release|Any CPU
	EndGlobalSection
	GlobalSection(SolutionProperties) = preSolution
		HideSolutionNode = FALSE
	EndGlobalSection
	GlobalSection(ExtensibilityGlobals) = postSolution
		SolutionGuid = {21D60E30-E97E-4C86-9642-C8A7B4D63102}
	EndGlobalSection
EndGlobal
